
Microsoft Visual Studio Solution File, Format Version 12.00
# Visual Studio Version 16
VisualStudioVersion = 16.0.31729.503
MinimumVisualStudioVersion = 10.0.40219.1
Project("{FAE04EC0-301F-11D3-BF4B-00C04F79EFBC}") = "SV18T1021021", "SV18T1021021\SV18T1021021.csproj", "{F6FEDFDB-7355-4D9D-AC65-06F826FEC527}"
EndProject
Project("{2150E333-8FDC-42A3-9474-1A3956D46DE8}") = "Applications", "Applications", "{35095F97-DA28-49D7-A82E-C9FEB9A51B4F}"
EndProject
Project("{2150E333-8FDC-42A3-9474-1A3956D46DE8}") = "Libraries", "Libraries", "{B963DB6A-D9C5-4383-8362-F584E7F91B77}"
EndProject
Project("{FAE04EC0-301F-11D3-BF4B-00C04F79EFBC}") = "SV18T1021021.BusinessLayer", "SV18T1021021.BusinessLayer\SV18T1021021.BusinessLayer.csproj", "{A161803C-65D6-4E64-B454-2FED9CF4E127}"
EndProject
Project("{FAE04EC0-301F-11D3-BF4B-00C04F79EFBC}") = "SV18T1021021.DataLayer", "SV18T1021021.DataLayer\SV18T1021021.DataLayer.csproj", "{7B8CD854-0540-4361-A735-BCB0AFA07E18}"
EndProject
Project("{FAE04EC0-301F-11D3-BF4B-00C04F79EFBC}") = "SV18T1021021.DomainModel", "SV18T1021021.DomainModel\SV18T1021021.DomainModel.csproj", "{2B7266DE-FA58-494D-A6E6-EB3C430D3C48}"
EndProject
Global
	GlobalSection(SolutionConfigurationPlatforms) = preSolution
		Debug|Any CPU = Debug|Any CPU
		Release|Any CPU = Release|Any CPU
	EndGlobalSection
	GlobalSection(ProjectConfigurationPlatforms) = postSolution
		{F6FEDFDB-7355-4D9D-AC65-06F826FEC527}.Debug|Any CPU.ActiveCfg = Debug|Any CPU
		{F6FEDFDB-7355-4D9D-AC65-06F826FEC527}.Debug|Any CPU.Build.0 = Debug|Any CPU
		{F6FEDFDB-7355-4D9D-AC65-06F826FEC527}.Release|Any CPU.ActiveCfg = Release|Any CPU
		{F6FEDFDB-7355-4D9D-AC65-06F826FEC527}.Release|Any CPU.Build.0 = Release|Any CPU
		{A161803C-65D6-4E64-B454-2FED9CF4E127}.Debug|Any CPU.ActiveCfg = Debug|Any CPU
		{A161803C-65D6-4E64-B454-2FED9CF4E127}.Debug|Any CPU.Build.0 = Debug|Any CPU
		{A161803C-65D6-4E64-B454-2FED9CF4E127}.Release|Any CPU.ActiveCfg = Release|Any CPU
		{A161803C-65D6-4E64-B454-2FED9CF4E127}.Release|Any CPU.Build.0 = Release|Any CPU
		{7B8CD854-0540-4361-A735-BCB0AFA07E18}.Debug|Any CPU.ActiveCfg = Debug|Any CPU
		{7B8CD854-0540-4361-A735-BCB0AFA07E18}.Debug|Any CPU.Build.0 = Debug|Any CPU
		{7B8CD854-0540-4361-A735-BCB0AFA07E18}.Release|Any CPU.ActiveCfg = Release|Any CPU
		{7B8CD854-0540-4361-A735-BCB0AFA07E18}.Release|Any CPU.Build.0 = Release|Any CPU
		{2B7266DE-FA58-494D-A6E6-EB3C430D3C48}.Debug|Any CPU.ActiveCfg = Debug|Any CPU
		{2B7266DE-FA58-494D-A6E6-EB3C430D3C48}.Debug|Any CPU.Build.0 = Debug|Any CPU
		{2B7266DE-FA58-494D-A6E6-EB3C430D3C48}.Release|Any CPU.ActiveCfg = Release|Any CPU
		{2B7266DE-FA58-494D-A6E6-EB3C430D3C48}.Release|Any CPU.Build.0 = Release|Any CPU
	EndGlobalSection
	GlobalSection(SolutionProperties) = preSolution
		HideSolutionNode = FALSE
	EndGlobalSection
	GlobalSection(NestedProjects) = preSolution
		{F6FEDFDB-7355-4D9D-AC65-06F826FEC527} = {35095F97-DA28-49D7-A82E-C9FEB9A51B4F}
		{A161803C-65D6-4E64-B454-2FED9CF4E127} = {B963DB6A-D9C5-4383-8362-F584E7F91B77}
		{7B8CD854-0540-4361-A735-BCB0AFA07E18} = {B963DB6A-D9C5-4383-8362-F584E7F91B77}
		{2B7266DE-FA58-494D-A6E6-EB3C430D3C48} = {B963DB6A-D9C5-4383-8362-F584E7F91B77}
	EndGlobalSection
	GlobalSection(ExtensibilityGlobals) = postSolution
		SolutionGuid = {F878CA8B-5A25-4D83-968A-547F4EF3AE23}
	EndGlobalSection
EndGlobal
